{
  "name": "rust-wasm-interop",
  "version": "1.0.0",
  "lockfileVersion": 3,
  "requires": true,
  "packages": {
    "": {
      "name": "rust-wasm-interop",
      "version": "1.0.0",
      "license": "ISC",
      "dependencies": {
        "asyncify-wasm": "^1.2.1"
      }
    },
    "node_modules/asyncify-wasm": {
      "version": "1.2.1",
      "resolved": "https://registry.npmjs.org/asyncify-wasm/-/asyncify-wasm-1.2.1.tgz",
      "integrity": "sha512-ZS7tZ8H8EVbUxAZnkKHvMt9UkYoALue2jwrVl7cnLByjq+1MRrbq7rL5TS+EHQduwkfXD/cNZNa+I0ZyLEBBRQ==",
      "license": "Apache-2.0"
    }
  }
}
